
Microsoft Visual Studio Solution File, Format Version 12.00
# Visual Studio Version 17
VisualStudioVersion = 17.14.36121.58 d17.14
MinimumVisualStudioVersion = 10.0.40219.1
Project("{D2ABAB84-BF74-430A-B69E-9DC6D40DDA17}") = "DWH_DAY5_MultidimensionalProject1", "DWH_DAY5_MultidimensionalProject1\DWH_DAY5_MultidimensionalProject1.dwproj", "{226486C5-5F78-817F-6C25-1A6C71D83013}"
EndProject
Global
	GlobalSection(SolutionConfigurationPlatforms) = preSolution
		Development|Default = Development|Default
	EndGlobalSection
	GlobalSection(ProjectConfigurationPlatforms) = postSolution
		{226486C5-5F78-817F-6C25-1A6C71D83013}.Development|Default.ActiveCfg = Development
		{226486C5-5F78-817F-6C25-1A6C71D83013}.Development|Default.Build.0 = Development
		{226486C5-5F78-817F-6C25-1A6C71D83013}.Development|Default.Deploy.0 = Development
	EndGlobalSection
	GlobalSection(SolutionProperties) = preSolution
		HideSolutionNode = FALSE
	EndGlobalSection
	GlobalSection(ExtensibilityGlobals) = postSolution
		SolutionGuid = {2A733FBF-1F74-4B8A-9ADD-86A540262E81}
	EndGlobalSection
EndGlobal
