
Microsoft Visual Studio Solution File, Format Version 12.00
# Visual Studio Version 17
VisualStudioVersion = 17.14.36121.58 d17.14
MinimumVisualStudioVersion = 10.0.40219.1
Project("{C9674DCB-5085-4A16-B785-4C70DD1589BD}") = "Day6_DWH_Integration Services Project2", "Day6_DWH_Integration Services Project2\Day6_DWH_Integration Services Project2.dtproj", "{D8E1A370-3BBE-134E-DF00-415A9F885DD8}"
EndProject
Global
	GlobalSection(SolutionConfigurationPlatforms) = preSolution
		Development|Default = Development|Default
	EndGlobalSection
	GlobalSection(ProjectConfigurationPlatforms) = postSolution
		{D8E1A370-3BBE-134E-DF00-415A9F885DD8}.Development|Default.ActiveCfg = Development
		{D8E1A370-3BBE-134E-DF00-415A9F885DD8}.Development|Default.Build.0 = Development
	EndGlobalSection
	GlobalSection(SolutionProperties) = preSolution
		HideSolutionNode = FALSE
	EndGlobalSection
	GlobalSection(ExtensibilityGlobals) = postSolution
		SolutionGuid = {52BDAE98-2389-4BD9-B565-7C5B607B51C0}
	EndGlobalSection
EndGlobal
